// !$*UTF8*$!
{
	archiveVersion = 1;
	classes = {
	};
	objectVersion = 46;
	objects = {

/* Begin PBXBuildFile section */
		E3492A6A1D800A30001E4B99 /* main.m in Sources */ = {isa = PBXBuildFile; fileRef = E3492A691D800A30001E4B99 /* main.m */; };
		E3492A6D1D800A30001E4B99 /* AppDelegate.m in Sources */ = {isa = PBXBuildFile; fileRef = E3492A6C1D800A30001E4B99 /* AppDelegate.m */; };
		E3492A731D800A30001E4B99 /* Main.storyboard in Resources */ = {isa = PBXBuildFile; fileRef = E3492A711D800A30001E4B99 /* Main.storyboard */; };
		E3492A751D800A30001E4B99 /* Assets.xcassets in Resources */ = {isa = PBXBuildFile; fileRef = E3492A741D800A30001E4B99 /* Assets.xcassets */; };
		E3492A781D800A30001E4B99 /* LaunchScreen.storyboard in Resources */ = {isa = PBXBuildFile; fileRef = E3492A761D800A30001E4B99 /* LaunchScreen.storyboard */; };
		E3492A831D800A30001E4B99 /* _4_MKMapView____Tests.m in Sources */ = {isa = PBXBuildFile; fileRef = E3492A821D800A30001E4B99 /* _4_MKMapView____Tests.m */; };
		E3492A8E1D800A30001E4B99 /* _4_MKMapView____UITests.m in Sources */ = {isa = PBXBuildFile; fileRef = E3492A8D1D800A30001E4B99 /* _4_MKMapView____UITests.m */; };
		E3492A9D1D800A51001E4B99 /* ViewController.m in Sources */ = {isa = PBXBuildFile; fileRef = E3492A9C1D800A51001E4B99 /* ViewController.m */; };
		E3492A9F1D800F52001E4B99 /* MapKit.framework in Frameworks */ = {isa = PBXBuildFile; fileRef = E3492A9E1D800F52001E4B99 /* MapKit.framework */; };
/* End PBXBuildFile section */

/* Begin PBXContainerItemProxy section */
		E3492A7F1D800A30001E4B99 /* PBXContainerItemProxy */ = {
			isa = PBXContainerItemProxy;
			containerPortal = E3492A5D1D800A30001E4B99 /* Project object */;
			proxyType = 1;
			remoteGlobalIDString = E3492A641D800A30001E4B99;
			remoteInfo = "04、MKMapView(线路)";
		};
		E3492A8A1D800A30001E4B99 /* PBXContainerItemProxy */ = {
			isa = PBXContainerItemProxy;
			containerPortal = E3492A5D1D800A30001E4B99 /* Project object */;
			proxyType = 1;
			remoteGlobalIDString = E3492A641D800A30001E4B99;
			remoteInfo = "04、MKMapView(线路)";
		};
/* End PBXContainerItemProxy section */

/* Begin PBXFileReference section */
		E3492A651D800A30001E4B99 /* 04、MKMapView(线路).app */ = {isa = PBXFileReference; explicitFileType = wrapper.application; includeInIndex = 0; path = "04、MKMapView(线路).app"; sourceTree = BUILT_PRODUCTS_DIR; };
		E3492A691D800A30001E4B99 /* main.m */ = {isa = PBXFileReference; lastKnownFileType = sourcecode.c.objc; path = main.m; sourceTree = "<group>"; };
		E3492A6B1D800A30001E4B99 /* AppDelegate.h */ = {isa = PBXFileReference; lastKnownFileType = sourcecode.c.h; path = AppDelegate.h; sourceTree = "<group>"; };
		E3492A6C1D800A30001E4B99 /* AppDelegate.m */ = {isa = PBXFileReference; lastKnownFileType = sourcecode.c.objc; path = AppDelegate.m; sourceTree = "<group>"; };
		E3492A721D800A30001E4B99 /* Base */ = {isa = PBXFileReference; lastKnownFileType = file.storyboard; name = Base; path = Base.lproj/Main.storyboard; sourceTree = "<group>"; };
		E3492A741D800A30001E4B99 /* Assets.xcassets */ = {isa = PBXFileReference; lastKnownFileType = folder.assetcatalog; path = Assets.xcassets; sourceTree = "<group>"; };
		E3492A771D800A30001E4B99 /* Base */ = {isa = PBXFileReference; lastKnownFileType = file.storyboard; name = Base; path = Base.lproj/LaunchScreen.storyboard; sourceTree = "<group>"; };
		E3492A791D800A30001E4B99 /* Info.plist */ = {isa = PBXFileReference; lastKnownFileType = text.plist.xml; path = Info.plist; sourceTree = "<group>"; };
		E3492A7E1D800A30001E4B99 /* 04、MKMapView(线路)Tests.xctest */ = {isa = PBXFileReference; explicitFileType = wrapper.cfbundle; includeInIndex = 0; path = "04、MKMapView(线路)Tests.xctest"; sourceTree = BUILT_PRODUCTS_DIR; };
		E3492A821D800A30001E4B99 /* _4_MKMapView____Tests.m */ = {isa = PBXFileReference; lastKnownFileType = sourcecode.c.objc; path = "_4_MKMapView____Tests.m"; sourceTree = "<group>"; };
		E3492A841D800A30001E4B99 /* Info.plist */ = {isa = PBXFileReference; lastKnownFileType = text.plist.xml; path = Info.plist; sourceTree = "<group>"; };
		E3492A891D800A30001E4B99 /* 04、MKMapView(线路)UITests.xctest */ = {isa = PBXFileReference; explicitFileType = wrapper.cfbundle; includeInIndex = 0; path = "04、MKMapView(线路)UITests.xctest"; sourceTree = BUILT_PRODUCTS_DIR; };
		E3492A8D1D800A30001E4B99 /* _4_MKMapView____UITests.m */ = {isa = PBXFileReference; lastKnownFileType = sourcecode.c.objc; path = "_4_MKMapView____UITests.m"; sourceTree = "<group>"; };
		E3492A8F1D800A30001E4B99 /* Info.plist */ = {isa = PBXFileReference; lastKnownFileType = text.plist.xml; path = Info.plist; sourceTree = "<group>"; };
		E3492A9B1D800A51001E4B99 /* ViewController.h */ = {isa = PBXFileReference; fileEncoding = 4; lastKnownFileType = sourcecode.c.h; path = ViewController.h; sourceTree = "<group>"; };
		E3492A9C1D800A51001E4B99 /* ViewController.m */ = {isa = PBXFileReference; fileEncoding = 4; lastKnownFileType = sourcecode.c.objc; path = ViewController.m; sourceTree = "<group>"; };
		E3492A9E1D800F52001E4B99 /* MapKit.framework */ = {isa = PBXFileReference; lastKnownFileType = wrapper.framework; name = MapKit.framework; path = System/Library/Frameworks/MapKit.framework; sourceTree = SDKROOT; };
/* End PBXFileReference section */

/* Begin PBXFrameworksBuildPhase section */
		E3492A621D800A30001E4B99 /* Frameworks */ = {
			isa = PBXFrameworksBuildPhase;
			buildActionMask = 2147483647;
			files = (
				E3492A9F1D800F52001E4B99 /* MapKit.framework in Frameworks */,
			);
			runOnlyForDeploymentPostprocessing = 0;
		};
		E3492A7B1D800A30001E4B99 /* Frameworks */ = {
			isa = PBXFrameworksBuildPhase;
			buildActionMask = 2147483647;
			files = (
			);
			runOnlyForDeploymentPostprocessing = 0;
		};
		E3492A861D800A30001E4B99 /* Frameworks */ = {
			isa = PBXFrameworksBuildPhase;
			buildActionMask = 2147483647;
			files = (
			);
			runOnlyForDeploymentPostprocessing = 0;
		};
/* End PBXFrameworksBuildPhase section */

/* Begin PBXGroup section */
		E3492A5C1D800A30001E4B99 = {
			isa = PBXGroup;
			children = (
				E3492A671D800A30001E4B99 /* 04、MKMapView(线路) */,
				E3492A811D800A30001E4B99 /* 04、MKMapView(线路)Tests */,
				E3492A8C1D800A30001E4B99 /* 04、MKMapView(线路)UITests */,
				E3492A661D800A30001E4B99 /* Products */,
			);
			sourceTree = "<group>";
		};
		E3492A661D800A30001E4B99 /* Products */ = {
			isa = PBXGroup;
			children = (
				E3492A651D800A30001E4B99 /* 04、MKMapView(线路).app */,
				E3492A7E1D800A30001E4B99 /* 04、MKMapView(线路)Tests.xctest */,
				E3492A891D800A30001E4B99 /* 04、MKMapView(线路)UITests.xctest */,
			);
			name = Products;
			sourceTree = "<group>";
		};
		E3492A671D800A30001E4B99 /* 04、MKMapView(线路) */ = {
			isa = PBXGroup;
			children = (
				E3492A6B1D800A30001E4B99 /* AppDelegate.h */,
				E3492A6C1D800A30001E4B99 /* AppDelegate.m */,
				E3492A9B1D800A51001E4B99 /* ViewController.h */,
				E3492A9C1D800A51001E4B99 /* ViewController.m */,
				E3492A711D800A30001E4B99 /* Main.storyboard */,
				E3492A741D800A30001E4B99 /* Assets.xcassets */,
				E3492A761D800A30001E4B99 /* LaunchScreen.storyboard */,
				E3492A791D800A30001E4B99 /* Info.plist */,
				E3492A9E1D800F52001E4B99 /* MapKit.framework */,
				E3492A681D800A30001E4B99 /* Supporting Files */,
			);
			path = "04、MKMapView(线路)";
			sourceTree = "<group>";
		};
		E3492A681D800A30001E4B99 /* Supporting Files */ = {
			isa = PBXGroup;
			children = (
				E3492A691D800A30001E4B99 /* main.m */,
			);
			name = "Supporting Files";
			sourceTree = "<group>";
		};
		E3492A811D800A30001E4B99 /* 04、MKMapView(线路)Tests */ = {
			isa = PBXGroup;
			children = (
				E3492A821D800A30001E4B99 /* _4_MKMapView____Tests.m */,
				E3492A841D800A30001E4B99 /* Info.plist */,
			);
			path = "04、MKMapView(线路)Tests";
			sourceTree = "<group>";
		};
		E3492A8C1D800A30001E4B99 /* 04、MKMapView(线路)UITests */ = {
			isa = PBXGroup;
			children = (
				E3492A8D1D800A30001E4B99 /* _4_MKMapView____UITests.m */,
				E3492A8F1D800A30001E4B99 /* Info.plist */,
			);
			path = "04、MKMapView(线路)UITests";
			sourceTree = "<group>";
		};
/* End PBXGroup section */

/* Begin PBXNativeTarget section */
		E3492A641D800A30001E4B99 /* 04、MKMapView(线路) */ = {
			isa = PBXNativeTarget;
			buildConfigurationList = E3492A921D800A30001E4B99 /* Build configuration list for PBXNativeTarget "04、MKMapView(线路)" */;
			buildPhases = (
				E3492A611D800A30001E4B99 /* Sources */,
				E3492A621D800A30001E4B99 /* Frameworks */,
				E3492A631D800A30001E4B99 /* Resources */,
			);
			buildRules = (
			);
			dependencies = (
			);
			name = "04、MKMapView(线路)";
			productName = "04、MKMapView(线路)";
			productReference = E3492A651D800A30001E4B99 /* 04、MKMapView(线路).app */;
			productType = "com.apple.product-type.application";
		};
		E3492A7D1D800A30001E4B99 /* 04、MKMapView(线路)Tests */ = {
			isa = PBXNativeTarget;
			buildConfigurationList = E3492A951D800A30001E4B99 /* Build configuration list for PBXNativeTarget "04、MKMapView(线路)Tests" */;
			buildPhases = (
				E3492A7A1D800A30001E4B99 /* Sources */,
				E3492A7B1D800A30001E4B99 /* Frameworks */,
				E3492A7C1D800A30001E4B99 /* Resources */,
			);
			buildRules = (
			);
			dependencies = (
				E3492A801D800A30001E4B99 /* PBXTargetDependency */,
			);
			name = "04、MKMapView(线路)Tests";
			productName = "04、MKMapView(线路)Tests";
			productReference = E3492A7E1D800A30001E4B99 /* 04、MKMapView(线路)Tests.xctest */;
			productType = "com.apple.product-type.bundle.unit-test";
		};
		E3492A881D800A30001E4B99 /* 04、MKMapView(线路)UITests */ = {
			isa = PBXNativeTarget;
			buildConfigurationList = E3492A981D800A30001E4B99 /* Build configuration list for PBXNativeTarget "04、MKMapView(线路)UITests" */;
			buildPhases = (
				E3492A851D800A30001E4B99 /* Sources */,
				E3492A861D800A30001E4B99 /* Frameworks */,
				E3492A871D800A30001E4B99 /* Resources */,
			);
			buildRules = (
			);
			dependencies = (
				E3492A8B1D800A30001E4B99 /* PBXTargetDependency */,
			);
			name = "04、MKMapView(线路)UITests";
			productName = "04、MKMapView(线路)UITests";
			productReference = E3492A891D800A30001E4B99 /* 04、MKMapView(线路)UITests.xctest */;
			productType = "com.apple.product-type.bundle.ui-testing";
		};
/* End PBXNativeTarget section */

/* Begin PBXProject section */
		E3492A5D1D800A30001E4B99 /* Project object */ = {
			isa = PBXProject;
			attributes = {
				LastUpgradeCheck = 0730;
				ORGANIZATIONNAME = tens;
				TargetAttributes = {
					E3492A641D800A30001E4B99 = {
						CreatedOnToolsVersion = 7.3.1;
					};
					E3492A7D1D800A30001E4B99 = {
						CreatedOnToolsVersion = 7.3.1;
						TestTargetID = E3492A641D800A30001E4B99;
					};
					E3492A881D800A30001E4B99 = {
						CreatedOnToolsVersion = 7.3.1;
						TestTargetID = E3492A641D800A30001E4B99;
					};
				};
			};
			buildConfigurationList = E3492A601D800A30001E4B99 /* Build configuration list for PBXProject "04、MKMapView(线路)" */;
			compatibilityVersion = "Xcode 3.2";
			developmentRegion = English;
			hasScannedForEncodings = 0;
			knownRegions = (
				en,
				Base,
			);
			mainGroup = E3492A5C1D800A30001E4B99;
			productRefGroup = E3492A661D800A30001E4B99 /* Products */;
			projectDirPath = "";
			projectRoot = "";
			targets = (
				E3492A641D800A30001E4B99 /* 04、MKMapView(线路) */,
				E3492A7D1D800A30001E4B99 /* 04、MKMapView(线路)Tests */,
				E3492A881D800A30001E4B99 /* 04、MKMapView(线路)UITests */,
			);
		};
/* End PBXProject section */

/* Begin PBXResourcesBuildPhase section */
		E3492A631D800A30001E4B99 /* Resources */ = {
			isa = PBXResourcesBuildPhase;
			buildActionMask = 2147483647;
			files = (
				E3492A781D800A30001E4B99 /* LaunchScreen.storyboard in Resources */,
				E3492A751D800A30001E4B99 /* Assets.xcassets in Resources */,
				E3492A731D800A30001E4B99 /* Main.storyboard in Resources */,
			);
			runOnlyForDeploymentPostprocessing = 0;
		};
		E3492A7C1D800A30001E4B99 /* Resources */ = {
			isa = PBXResourcesBuildPhase;
			buildActionMask = 2147483647;
			files = (
			);
			runOnlyForDeploymentPostprocessing = 0;
		};
		E3492A871D800A30001E4B99 /* Resources */ = {
			isa = PBXResourcesBuildPhase;
			buildActionMask = 2147483647;
			files = (
			);
			runOnlyForDeploymentPostprocessing = 0;
		};
/* End PBXResourcesBuildPhase section */

/* Begin PBXSourcesBuildPhase section */
		E3492A611D800A30001E4B99 /* Sources */ = {
			isa = PBXSourcesBuildPhase;
			buildActionMask = 2147483647;
			files = (
				E3492A9D1D800A51001E4B99 /* ViewController.m in Sources */,
				E3492A6D1D800A30001E4B99 /* AppDelegate.m in Sources */,
				E3492A6A1D800A30001E4B99 /* main.m in Sources */,
			);
			runOnlyForDeploymentPostprocessing = 0;
		};
		E3492A7A1D800A30001E4B99 /* Sources */ = {
			isa = PBXSourcesBuildPhase;
			buildActionMask = 2147483647;
			files = (
				E3492A831D800A30001E4B99 /* _4_MKMapView____Tests.m in Sources */,
			);
			runOnlyForDeploymentPostprocessing = 0;
		};
		E3492A851D800A30001E4B99 /* Sources */ = {
			isa = PBXSourcesBuildPhase;
			buildActionMask = 2147483647;
			files = (
				E3492A8E1D800A30001E4B99 /* _4_MKMapView____UITests.m in Sources */,
			);
			runOnlyForDeploymentPostprocessing = 0;
		};
/* End PBXSourcesBuildPhase section */

/* Begin PBXTargetDependency section */
		E3492A801D800A30001E4B99 /* PBXTargetDependency */ = {
			isa = PBXTargetDependency;
			target = E3492A641D800A30001E4B99 /* 04、MKMapView(线路) */;
			targetProxy = E3492A7F1D800A30001E4B99 /* PBXContainerItemProxy */;
		};
		E3492A8B1D800A30001E4B99 /* PBXTargetDependency */ = {
			isa = PBXTargetDependency;
			target = E3492A641D800A30001E4B99 /* 04、MKMapView(线路) */;
			targetProxy = E3492A8A1D800A30001E4B99 /* PBXContainerItemProxy */;
		};
/* End PBXTargetDependency section */

/* Begin PBXVariantGroup section */
		E3492A711D800A30001E4B99 /* Main.storyboard */ = {
			isa = PBXVariantGroup;
			children = (
				E3492A721D800A30001E4B99 /* Base */,
			);
			name = Main.storyboard;
			sourceTree = "<group>";
		};
		E3492A761D800A30001E4B99 /* LaunchScreen.storyboard */ = {
			isa = PBXVariantGroup;
			children = (
				E3492A771D800A30001E4B99 /* Base */,
			);
			name = LaunchScreen.storyboard;
			sourceTree = "<group>";
		};
/* End PBXVariantGroup section */

/* Begin XCBuildConfiguration section */
		E3492A901D800A30001E4B99 /* Debug */ = {
			isa = XCBuildConfiguration;
			buildSettings = {
				ALWAYS_SEARCH_USER_PATHS = NO;
				CLANG_ANALYZER_NONNULL = YES;
				CLANG_CXX_LANGUAGE_STANDARD = "gnu++0x";
				CLANG_CXX_LIBRARY = "libc++";
				CLANG_ENABLE_MODULES = YES;
				CLANG_ENABLE_OBJC_ARC = YES;
				CLANG_WARN_BOOL_CONVERSION = YES;
				CLANG_WARN_CONSTANT_CONVERSION = YES;
				CLANG_WARN_DIRECT_OBJC_ISA_USAGE = YES_ERROR;
				CLANG_WARN_EMPTY_BODY = YES;
				CLANG_WARN_ENUM_CONVERSION = YES;
				CLANG_WARN_INT_CONVERSION = YES;
				CLANG_WARN_OBJC_ROOT_CLASS = YES_ERROR;
				CLANG_WARN_UNREACHABLE_CODE = YES;
				CLANG_WARN__DUPLICATE_METHOD_MATCH = YES;
				"CODE_SIGN_IDENTITY[sdk=iphoneos*]" = "iPhone Developer";
				COPY_PHASE_STRIP = NO;
				DEBUG_INFORMATION_FORMAT = dwarf;
				ENABLE_STRICT_OBJC_MSGSEND = YES;
				ENABLE_TESTABILITY = YES;
				GCC_C_LANGUAGE_STANDARD = gnu99;
				GCC_DYNAMIC_NO_PIC = NO;
				GCC_NO_COMMON_BLOCKS = YES;
				GCC_OPTIMIZATION_LEVEL = 0;
				GCC_PREPROCESSOR_DEFINITIONS = (
					"DEBUG=1",
					"$(inherited)",
				);
				GCC_WARN_64_TO_32_BIT_CONVERSION = YES;
				GCC_WARN_ABOUT_RETURN_TYPE = YES_ERROR;
				GCC_WARN_UNDECLARED_SELECTOR = YES;
				GCC_WARN_UNINITIALIZED_AUTOS = YES_AGGRESSIVE;
				GCC_WARN_UNUSED_FUNCTION = YES;
				GCC_WARN_UNUSED_VARIABLE = YES;
				IPHONEOS_DEPLOYMENT_TARGET = 9.3;
				MTL_ENABLE_DEBUG_INFO = YES;
				ONLY_ACTIVE_ARCH = YES;
				SDKROOT = iphoneos;
			};
			name = Debug;
		};
		E3492A911D800A30001E4B99 /* Release */ = {
			isa = XCBuildConfiguration;
			buildSettings = {
				ALWAYS_SEARCH_USER_PATHS = NO;
				CLANG_ANALYZER_NONNULL = YES;
				CLANG_CXX_LANGUAGE_STANDARD = "gnu++0x";
				CLANG_CXX_LIBRARY = "libc++";
				CLANG_ENABLE_MODULES = YES;
				CLANG_ENABLE_OBJC_ARC = YES;
				CLANG_WARN_BOOL_CONVERSION = YES;
				CLANG_WARN_CONSTANT_CONVERSION = YES;
				CLANG_WARN_DIRECT_OBJC_ISA_USAGE = YES_ERROR;
				CLANG_WARN_EMPTY_BODY = YES;
				CLANG_WARN_ENUM_CONVERSION = YES;
				CLANG_WARN_INT_CONVERSION = YES;
				CLANG_WARN_OBJC_ROOT_CLASS = YES_ERROR;
				CLANG_WARN_UNREACHABLE_CODE = YES;
				CLANG_WARN__DUPLICATE_METHOD_MATCH = YES;
				"CODE_SIGN_IDENTITY[sdk=iphoneos*]" = "iPhone Developer";
				COPY_PHASE_STRIP = NO;
				DEBUG_INFORMATION_FORMAT = "dwarf-with-dsym";
				ENABLE_NS_ASSERTIONS = NO;
				ENABLE_STRICT_OBJC_MSGSEND = YES;
				GCC_C_LANGUAGE_STANDARD = gnu99;
				GCC_NO_COMMON_BLOCKS = YES;
				GCC_WARN_64_TO_32_BIT_CONVERSION = YES;
				GCC_WARN_ABOUT_RETURN_TYPE = YES_ERROR;
				GCC_WARN_UNDECLARED_SELECTOR = YES;
				GCC_WARN_UNINITIALIZED_AUTOS = YES_AGGRESSIVE;
				GCC_WARN_UNUSED_FUNCTION = YES;
				GCC_WARN_UNUSED_VARIABLE = YES;
				IPHONEOS_DEPLOYMENT_TARGET = 9.3;
				MTL_ENABLE_DEBUG_INFO = NO;
				SDKROOT = iphoneos;
				VALIDATE_PRODUCT = YES;
			};
			name = Release;
		};
		E3492A931D800A30001E4B99 /* Debug */ = {
			isa = XCBuildConfiguration;
			buildSettings = {
				ASSETCATALOG_COMPILER_APPICON_NAME = AppIcon;
				INFOPLIST_FILE = "04、MKMapView(线路)/Info.plist";
				LD_RUNPATH_SEARCH_PATHS = "$(inherited) @executable_path/Frameworks";
				PRODUCT_BUNDLE_IDENTIFIER = "com.tens.-4-MKMapView----";
				PRODUCT_NAME = "$(TARGET_NAME)";
			};
			name = Debug;
		};
		E3492A941D800A30001E4B99 /* Release */ = {
			isa = XCBuildConfiguration;
			buildSettings = {
				ASSETCATALOG_COMPILER_APPICON_NAME = AppIcon;
				INFOPLIST_FILE = "04、MKMapView(线路)/Info.plist";
				LD_RUNPATH_SEARCH_PATHS = "$(inherited) @executable_path/Frameworks";
				PRODUCT_BUNDLE_IDENTIFIER = "com.tens.-4-MKMapView----";
				PRODUCT_NAME = "$(TARGET_NAME)";
			};
			name = Release;
		};
		E3492A961D800A30001E4B99 /* Debug */ = {
			isa = XCBuildConfiguration;
			buildSettings = {
				BUNDLE_LOADER = "$(TEST_HOST)";
				INFOPLIST_FILE = "04、MKMapView(线路)Tests/Info.plist";
				LD_RUNPATH_SEARCH_PATHS = "$(inherited) @executable_path/Frameworks @loader_path/Frameworks";
				PRODUCT_BUNDLE_IDENTIFIER = "com.tens.-4-MKMapView----Tests";
				PRODUCT_NAME = "$(TARGET_NAME)";
				TEST_HOST = "$(BUILT_PRODUCTS_DIR)/04、MKMapView(线路).app/04、MKMapView(线路)";
			};
			name = Debug;
		};
		E3492A971D800A30001E4B99 /* Release */ = {
			isa = XCBuildConfiguration;
			buildSettings = {
				BUNDLE_LOADER = "$(TEST_HOST)";
				INFOPLIST_FILE = "04、MKMapView(线路)Tests/Info.plist";
				LD_RUNPATH_SEARCH_PATHS = "$(inherited) @executable_path/Frameworks @loader_path/Frameworks";
				PRODUCT_BUNDLE_IDENTIFIER = "com.tens.-4-MKMapView----Tests";
				PRODUCT_NAME = "$(TARGET_NAME)";
				TEST_HOST = "$(BUILT_PRODUCTS_DIR)/04、MKMapView(线路).app/04、MKMapView(线路)";
			};
			name = Release;
		};
		E3492A991D800A30001E4B99 /* Debug */ = {
			isa = XCBuildConfiguration;
			buildSettings = {
				INFOPLIST_FILE = "04、MKMapView(线路)UITests/Info.plist";
				LD_RUNPATH_SEARCH_PATHS = "$(inherited) @executable_path/Frameworks @loader_path/Frameworks";
				PRODUCT_BUNDLE_IDENTIFIER = "com.tens.-4-MKMapView----UITests";
				PRODUCT_NAME = "$(TARGET_NAME)";
				TEST_TARGET_NAME = "04、MKMapView(线路)";
			};
			name = Debug;
		};
		E3492A9A1D800A30001E4B99 /* Release */ = {
			isa = XCBuildConfiguration;
			buildSettings = {
				INFOPLIST_FILE = "04、MKMapView(线路)UITests/Info.plist";
				LD_RUNPATH_SEARCH_PATHS = "$(inherited) @executable_path/Frameworks @loader_path/Frameworks";
				PRODUCT_BUNDLE_IDENTIFIER = "com.tens.-4-MKMapView----UITests";
				PRODUCT_NAME = "$(TARGET_NAME)";
				TEST_TARGET_NAME = "04、MKMapView(线路)";
			};
			name = Release;
		};
/* End XCBuildConfiguration section */

/* Begin XCConfigurationList section */
		E3492A601D800A30001E4B99 /* Build configuration list for PBXProject "04、MKMapView(线路)" */ = {
			isa = XCConfigurationList;
			buildConfigurations = (
				E3492A901D800A30001E4B99 /* Debug */,
				E3492A911D800A30001E4B99 /* Release */,
			);
			defaultConfigurationIsVisible = 0;
			defaultConfigurationName = Release;
		};
		E3492A921D800A30001E4B99 /* Build configuration list for PBXNativeTarget "04、MKMapView(线路)" */ = {
			isa = XCConfigurationList;
			buildConfigurations = (
				E3492A931D800A30001E4B99 /* Debug */,
				E3492A941D800A30001E4B99 /* Release */,
			);
			defaultConfigurationIsVisible = 0;
		};
		E3492A951D800A30001E4B99 /* Build configuration list for PBXNativeTarget "04、MKMapView(线路)Tests" */ = {
			isa = XCConfigurationList;
			buildConfigurations = (
				E3492A961D800A30001E4B99 /* Debug */,
				E3492A971D800A30001E4B99 /* Release */,
			);
			defaultConfigurationIsVisible = 0;
		};
		E3492A981D800A30001E4B99 /* Build configuration list for PBXNativeTarget "04、MKMapView(线路)UITests" */ = {
			isa = XCConfigurationList;
			buildConfigurations = (
				E3492A991D800A30001E4B99 /* Debug */,
				E3492A9A1D800A30001E4B99 /* Release */,
			);
			defaultConfigurationIsVisible = 0;
		};
/* End XCConfigurationList section */
	};
	rootObject = E3492A5D1D800A30001E4B99 /* Project object */;
}
